// !$*UTF8*$!
{
	archiveVersion = 1;
	classes = {
	};
	objectVersion = 50;
	objects = {

/* Begin PBXBuildFile section */
		9362747D25BE58CB00F688D0 /* AppDelegate.swift in Sources */ = {isa = PBXBuildFile; fileRef = 9362747C25BE58CB00F688D0 /* AppDelegate.swift */; };
		9362747F25BE58CB00F688D0 /* SceneDelegate.swift in Sources */ = {isa = PBXBuildFile; fileRef = 9362747E25BE58CB00F688D0 /* SceneDelegate.swift */; };
		9362748125BE58CB00F688D0 /* ViewController.swift in Sources */ = {isa = PBXBuildFile; fileRef = 9362748025BE58CB00F688D0 /* ViewController.swift */; };
		9362748425BE58CB00F688D0 /* Main.storyboard in Resources */ = {isa = PBXBuildFile; fileRef = 9362748225BE58CB00F688D0 /* Main.storyboard */; };
		9362748625BE58CC00F688D0 /* Assets.xcassets in Resources */ = {isa = PBXBuildFile; fileRef = 9362748525BE58CC00F688D0 /* Assets.xcassets */; };
		9362748925BE58CC00F688D0 /* LaunchScreen.storyboard in Resources */ = {isa = PBXBuildFile; fileRef = 9362748725BE58CC00F688D0 /* LaunchScreen.storyboard */; };
		9362749225BE58EC00F688D0 /* README.md in Resources */ = {isa = PBXBuildFile; fileRef = 9362749125BE58EC00F688D0 /* README.md */; };
/* End PBXBuildFile section */

/* Begin PBXFileReference section */
		9362747925BE58CB00F688D0 /* LearnCoreAnimation.app */ = {isa = PBXFileReference; explicitFileType = wrapper.application; includeInIndex = 0; path = LearnCoreAnimation.app; sourceTree = BUILT_PRODUCTS_DIR; };
		9362747C25BE58CB00F688D0 /* AppDelegate.swift */ = {isa = PBXFileReference; lastKnownFileType = sourcecode.swift; path = AppDelegate.swift; sourceTree = "<group>"; };
		9362747E25BE58CB00F688D0 /* SceneDelegate.swift */ = {isa = PBXFileReference; lastKnownFileType = sourcecode.swift; path = SceneDelegate.swift; sourceTree = "<group>"; };
		9362748025BE58CB00F688D0 /* ViewController.swift */ = {isa = PBXFileReference; lastKnownFileType = sourcecode.swift; path = ViewController.swift; sourceTree = "<group>"; };
		9362748325BE58CB00F688D0 /* Base */ = {isa = PBXFileReference; lastKnownFileType = file.storyboard; name = Base; path = Base.lproj/Main.storyboard; sourceTree = "<group>"; };
		9362748525BE58CC00F688D0 /* Assets.xcassets */ = {isa = PBXFileReference; lastKnownFileType = folder.assetcatalog; path = Assets.xcassets; sourceTree = "<group>"; };
		9362748825BE58CC00F688D0 /* Base */ = {isa = PBXFileReference; lastKnownFileType = file.storyboard; name = Base; path = Base.lproj/LaunchScreen.storyboard; sourceTree = "<group>"; };
		9362748A25BE58CC00F688D0 /* Info.plist */ = {isa = PBXFileReference; lastKnownFileType = text.plist.xml; path = Info.plist; sourceTree = "<group>"; };
		9362749125BE58EC00F688D0 /* README.md */ = {isa = PBXFileReference; lastKnownFileType = net.daringfireball.markdown; path = README.md; sourceTree = "<group>"; };
/* End PBXFileReference section */

/* Begin PBXFrameworksBuildPhase section */
		9362747625BE58CB00F688D0 /* Frameworks */ = {
			isa = PBXFrameworksBuildPhase;
			buildActionMask = 2147483647;
			files = (
			);
			runOnlyForDeploymentPostprocessing = 0;
		};
/* End PBXFrameworksBuildPhase section */

/* Begin PBXGroup section */
		9362747025BE58CB00F688D0 = {
			isa = PBXGroup;
			children = (
				9362749125BE58EC00F688D0 /* README.md */,
				9362747B25BE58CB00F688D0 /* LearnCoreAnimation */,
				9362747A25BE58CB00F688D0 /* Products */,
			);
			sourceTree = "<group>";
		};
		9362747A25BE58CB00F688D0 /* Products */ = {
			isa = PBXGroup;
			children = (
				9362747925BE58CB00F688D0 /* LearnCoreAnimation.app */,
			);
			name = Products;
			sourceTree = "<group>";
		};
		9362747B25BE58CB00F688D0 /* LearnCoreAnimation */ = {
			isa = PBXGroup;
			children = (
				9362747C25BE58CB00F688D0 /* AppDelegate.swift */,
				9362747E25BE58CB00F688D0 /* SceneDelegate.swift */,
				9362748025BE58CB00F688D0 /* ViewController.swift */,
				9362748225BE58CB00F688D0 /* Main.storyboard */,
				9362748525BE58CC00F688D0 /* Assets.xcassets */,
				9362748725BE58CC00F688D0 /* LaunchScreen.storyboard */,
				9362748A25BE58CC00F688D0 /* Info.plist */,
			);
			path = LearnCoreAnimation;
			sourceTree = "<group>";
		};
/* End PBXGroup section */

/* Begin PBXNativeTarget section */
		9362747825BE58CB00F688D0 /* LearnCoreAnimation */ = {
			isa = PBXNativeTarget;
			buildConfigurationList = 9362748D25BE58CC00F688D0 /* Build configuration list for PBXNativeTarget "LearnCoreAnimation" */;
			buildPhases = (
				9362747525BE58CB00F688D0 /* Sources */,
				9362747625BE58CB00F688D0 /* Frameworks */,
				9362747725BE58CB00F688D0 /* Resources */,
			);
			buildRules = (
			);
			dependencies = (
			);
			name = LearnCoreAnimation;
			productName = LearnCoreAnimation;
			productReference = 9362747925BE58CB00F688D0 /* LearnCoreAnimation.app */;
			productType = "com.apple.product-type.application";
		};
/* End PBXNativeTarget section */

/* Begin PBXProject section */
		9362747125BE58CB00F688D0 /* Project object */ = {
			isa = PBXProject;
			attributes = {
				LastSwiftUpdateCheck = 1230;
				LastUpgradeCheck = 1230;
				TargetAttributes = {
					9362747825BE58CB00F688D0 = {
						CreatedOnToolsVersion = 12.3;
					};
				};
			};
			buildConfigurationList = 9362747425BE58CB00F688D0 /* Build configuration list for PBXProject "LearnCoreAnimation" */;
			compatibilityVersion = "Xcode 9.3";
			developmentRegion = en;
			hasScannedForEncodings = 0;
			knownRegions = (
				en,
				Base,
			);
			mainGroup = 9362747025BE58CB00F688D0;
			productRefGroup = 9362747A25BE58CB00F688D0 /* Products */;
			projectDirPath = "";
			projectRoot = "";
			targets = (
				9362747825BE58CB00F688D0 /* LearnCoreAnimation */,
			);
		};
/* End PBXProject section */

/* Begin PBXResourcesBuildPhase section */
		9362747725BE58CB00F688D0 /* Resources */ = {
			isa = PBXResourcesBuildPhase;
			buildActionMask = 2147483647;
			files = (
				9362748925BE58CC00F688D0 /* LaunchScreen.storyboard in Resources */,
				9362748625BE58CC00F688D0 /* Assets.xcassets in Resources */,
				9362749225BE58EC00F688D0 /* README.md in Resources */,
				9362748425BE58CB00F688D0 /* Main.storyboard in Resources */,
			);
			runOnlyForDeploymentPostprocessing = 0;
		};
/* End PBXResourcesBuildPhase section */

/* Begin PBXSourcesBuildPhase section */
		9362747525BE58CB00F688D0 /* Sources */ = {
			isa = PBXSourcesBuildPhase;
			buildActionMask = 2147483647;
			files = (
				9362748125BE58CB00F688D0 /* ViewController.swift in Sources */,
				9362747D25BE58CB00F688D0 /* AppDelegate.swift in Sources */,
				9362747F25BE58CB00F688D0 /* SceneDelegate.swift in Sources */,
			);
			runOnlyForDeploymentPostprocessing = 0;
		};
/* End PBXSourcesBuildPhase section */

/* Begin PBXVariantGroup section */
		9362748225BE58CB00F688D0 /* Main.storyboard */ = {
			isa = PBXVariantGroup;
			children = (
				9362748325BE58CB00F688D0 /* Base */,
			);
			name = Main.storyboard;
			sourceTree = "<group>";
		};
		9362748725BE58CC00F688D0 /* LaunchScreen.storyboard */ = {
			isa = PBXVariantGroup;
			children = (
				9362748825BE58CC00F688D0 /* Base */,
			);
			name = LaunchScreen.storyboard;
			sourceTree = "<group>";
		};
/* End PBXVariantGroup section */

/* Begin XCBuildConfiguration section */
		9362748B25BE58CC00F688D0 /* Debug */ = {
			isa = XCBuildConfiguration;
			buildSettings = {
				ALWAYS_SEARCH_USER_PATHS = NO;
				CLANG_ANALYZER_NONNULL = YES;
				CLANG_ANALYZER_NUMBER_OBJECT_CONVERSION = YES_AGGRESSIVE;
				CLANG_CXX_LANGUAGE_STANDARD = "gnu++14";
				CLANG_CXX_LIBRARY = "libc++";
				CLANG_ENABLE_MODULES = YES;
				CLANG_ENABLE_OBJC_ARC = YES;
				CLANG_ENABLE_OBJC_WEAK = YES;
				CLANG_WARN_BLOCK_CAPTURE_AUTORELEASING = YES;
				CLANG_WARN_BOOL_CONVERSION = YES;
				CLANG_WARN_COMMA = YES;
				CLANG_WARN_CONSTANT_CONVERSION = YES;
				CLANG_WARN_DEPRECATED_OBJC_IMPLEMENTATIONS = YES;
				CLANG_WARN_DIRECT_OBJC_ISA_USAGE = YES_ERROR;
				CLANG_WARN_DOCUMENTATION_COMMENTS = YES;
				CLANG_WARN_EMPTY_BODY = YES;
				CLANG_WARN_ENUM_CONVERSION = YES;
				CLANG_WARN_INFINITE_RECURSION = YES;
				CLANG_WARN_INT_CONVERSION = YES;
				CLANG_WARN_NON_LITERAL_NULL_CONVERSION = YES;
				CLANG_WARN_OBJC_IMPLICIT_RETAIN_SELF = YES;
				CLANG_WARN_OBJC_LITERAL_CONVERSION = YES;
				CLANG_WARN_OBJC_ROOT_CLASS = YES_ERROR;
				CLANG_WARN_QUOTED_INCLUDE_IN_FRAMEWORK_HEADER = YES;
				CLANG_WARN_RANGE_LOOP_ANALYSIS = YES;
				CLANG_WARN_STRICT_PROTOTYPES = YES;
				CLANG_WARN_SUSPICIOUS_MOVE = YES;
				CLANG_WARN_UNGUARDED_AVAILABILITY = YES_AGGRESSIVE;
				CLANG_WARN_UNREACHABLE_CODE = YES;
				CLANG_WARN__DUPLICATE_METHOD_MATCH = YES;
				COPY_PHASE_STRIP = NO;
				DEBUG_INFORMATION_FORMAT = dwarf;
				ENABLE_STRICT_OBJC_MSGSEND = YES;
				ENABLE_TESTABILITY = YES;
				GCC_C_LANGUAGE_STANDARD = gnu11;
				GCC_DYNAMIC_NO_PIC = NO;
				GCC_NO_COMMON_BLOCKS = YES;
				GCC_OPTIMIZATION_LEVEL = 0;
				GCC_PREPROCESSOR_DEFINITIONS = (
					"DEBUG=1",
					"$(inherited)",
				);
				GCC_WARN_64_TO_32_BIT_CONVERSION = YES;
				GCC_WARN_ABOUT_RETURN_TYPE = YES_ERROR;
				GCC_WARN_UNDECLARED_SELECTOR = YES;
				GCC_WARN_UNINITIALIZED_AUTOS = YES_AGGRESSIVE;
				GCC_WARN_UNUSED_FUNCTION = YES;
				GCC_WARN_UNUSED_VARIABLE = YES;
				IPHONEOS_DEPLOYMENT_TARGET = 14.3;
				MTL_ENABLE_DEBUG_INFO = INCLUDE_SOURCE;
				MTL_FAST_MATH = YES;
				ONLY_ACTIVE_ARCH = YES;
				SDKROOT = iphoneos;
				SWIFT_ACTIVE_COMPILATION_CONDITIONS = DEBUG;
				SWIFT_OPTIMIZATION_LEVEL = "-Onone";
			};
			name = Debug;
		};
		9362748C25BE58CC00F688D0 /* Release */ = {
			isa = XCBuildConfiguration;
			buildSettings = {
				ALWAYS_SEARCH_USER_PATHS = NO;
				CLANG_ANALYZER_NONNULL = YES;
				CLANG_ANALYZER_NUMBER_OBJECT_CONVERSION = YES_AGGRESSIVE;
				CLANG_CXX_LANGUAGE_STANDARD = "gnu++14";
				CLANG_CXX_LIBRARY = "libc++";
				CLANG_ENABLE_MODULES = YES;
				CLANG_ENABLE_OBJC_ARC = YES;
				CLANG_ENABLE_OBJC_WEAK = YES;
				CLANG_WARN_BLOCK_CAPTURE_AUTORELEASING = YES;
				CLANG_WARN_BOOL_CONVERSION = YES;
				CLANG_WARN_COMMA = YES;
				CLANG_WARN_CONSTANT_CONVERSION = YES;
				CLANG_WARN_DEPRECATED_OBJC_IMPLEMENTATIONS = YES;
				CLANG_WARN_DIRECT_OBJC_ISA_USAGE = YES_ERROR;
				CLANG_WARN_DOCUMENTATION_COMMENTS = YES;
				CLANG_WARN_EMPTY_BODY = YES;
				CLANG_WARN_ENUM_CONVERSION = YES;
				CLANG_WARN_INFINITE_RECURSION = YES;
				CLANG_WARN_INT_CONVERSION = YES;
				CLANG_WARN_NON_LITERAL_NULL_CONVERSION = YES;
				CLANG_WARN_OBJC_IMPLICIT_RETAIN_SELF = YES;
				CLANG_WARN_OBJC_LITERAL_CONVERSION = YES;
				CLANG_WARN_OBJC_ROOT_CLASS = YES_ERROR;
				CLANG_WARN_QUOTED_INCLUDE_IN_FRAMEWORK_HEADER = YES;
				CLANG_WARN_RANGE_LOOP_ANALYSIS = YES;
				CLANG_WARN_STRICT_PROTOTYPES = YES;
				CLANG_WARN_SUSPICIOUS_MOVE = YES;
				CLANG_WARN_UNGUARDED_AVAILABILITY = YES_AGGRESSIVE;
				CLANG_WARN_UNREACHABLE_CODE = YES;
				CLANG_WARN__DUPLICATE_METHOD_MATCH = YES;
				COPY_PHASE_STRIP = NO;
				DEBUG_INFORMATION_FORMAT = "dwarf-with-dsym";
				ENABLE_NS_ASSERTIONS = NO;
				ENABLE_STRICT_OBJC_MSGSEND = YES;
				GCC_C_LANGUAGE_STANDARD = gnu11;
				GCC_NO_COMMON_BLOCKS = YES;
				GCC_WARN_64_TO_32_BIT_CONVERSION = YES;
				GCC_WARN_ABOUT_RETURN_TYPE = YES_ERROR;
				GCC_WARN_UNDECLARED_SELECTOR = YES;
				GCC_WARN_UNINITIALIZED_AUTOS = YES_AGGRESSIVE;
				GCC_WARN_UNUSED_FUNCTION = YES;
				GCC_WARN_UNUSED_VARIABLE = YES;
				IPHONEOS_DEPLOYMENT_TARGET = 14.3;
				MTL_ENABLE_DEBUG_INFO = NO;
				MTL_FAST_MATH = YES;
				SDKROOT = iphoneos;
				SWIFT_COMPILATION_MODE = wholemodule;
				SWIFT_OPTIMIZATION_LEVEL = "-O";
				VALIDATE_PRODUCT = YES;
			};
			name = Release;
		};
		9362748E25BE58CC00F688D0 /* Debug */ = {
			isa = XCBuildConfiguration;
			buildSettings = {
				ASSETCATALOG_COMPILER_APPICON_NAME = AppIcon;
				ASSETCATALOG_COMPILER_GLOBAL_ACCENT_COLOR_NAME = AccentColor;
				CODE_SIGN_STYLE = Automatic;
				DEVELOPMENT_TEAM = 3645B2S253;
				INFOPLIST_FILE = LearnCoreAnimation/Info.plist;
				LD_RUNPATH_SEARCH_PATHS = (
					"$(inherited)",
					"@executable_path/Frameworks",
				);
				PRODUCT_BUNDLE_IDENTIFIER = com.BarryAllen.LearnCoreAnimation;
				PRODUCT_NAME = "$(TARGET_NAME)";
				SWIFT_VERSION = 5.0;
				TARGETED_DEVICE_FAMILY = "1,2";
			};
			name = Debug;
		};
		9362748F25BE58CC00F688D0 /* Release */ = {
			isa = XCBuildConfiguration;
			buildSettings = {
				ASSETCATALOG_COMPILER_APPICON_NAME = AppIcon;
				ASSETCATALOG_COMPILER_GLOBAL_ACCENT_COLOR_NAME = AccentColor;
				CODE_SIGN_STYLE = Automatic;
				DEVELOPMENT_TEAM = 3645B2S253;
				INFOPLIST_FILE = LearnCoreAnimation/Info.plist;
				LD_RUNPATH_SEARCH_PATHS = (
					"$(inherited)",
					"@executable_path/Frameworks",
				);
				PRODUCT_BUNDLE_IDENTIFIER = com.BarryAllen.LearnCoreAnimation;
				PRODUCT_NAME = "$(TARGET_NAME)";
				SWIFT_VERSION = 5.0;
				TARGETED_DEVICE_FAMILY = "1,2";
			};
			name = Release;
		};
/* End XCBuildConfiguration section */

/* Begin XCConfigurationList section */
		9362747425BE58CB00F688D0 /* Build configuration list for PBXProject "LearnCoreAnimation" */ = {
			isa = XCConfigurationList;
			buildConfigurations = (
				9362748B25BE58CC00F688D0 /* Debug */,
				9362748C25BE58CC00F688D0 /* Release */,
			);
			defaultConfigurationIsVisible = 0;
			defaultConfigurationName = Release;
		};
		9362748D25BE58CC00F688D0 /* Build configuration list for PBXNativeTarget "LearnCoreAnimation" */ = {
			isa = XCConfigurationList;
			buildConfigurations = (
				9362748E25BE58CC00F688D0 /* Debug */,
				9362748F25BE58CC00F688D0 /* Release */,
			);
			defaultConfigurationIsVisible = 0;
			defaultConfigurationName = Release;
		};
/* End XCConfigurationList section */
	};
	rootObject = 9362747125BE58CB00F688D0 /* Project object */;
}
